
Microsoft Visual Studio Solution File, Format Version 12.00
# Visual Studio Version 16
VisualStudioVersion = 16.0.31112.23
MinimumVisualStudioVersion = 10.0.40219.1
Project("{9A19103F-16F7-4668-BE54-9A1E7A4F7556}") = "Swagger.Exemple.API", "Swagger.Exemple.API\Swagger.Exemple.API.csproj", "{F7FEFC21-69B8-4141-B6C4-3912AA2D550F}"
EndProject
Global
	GlobalSection(SolutionConfigurationPlatforms) = preSolution
		Debug|Any CPU = Debug|Any CPU
		Release|Any CPU = Release|Any CPU
	EndGlobalSection
	GlobalSection(ProjectConfigurationPlatforms) = postSolution
		{F7FEFC21-69B8-4141-B6C4-3912AA2D550F}.Debug|Any CPU.ActiveCfg = Debug|Any CPU
		{F7FEFC21-69B8-4141-B6C4-3912AA2D550F}.Debug|Any CPU.Build.0 = Debug|Any CPU
		{F7FEFC21-69B8-4141-B6C4-3912AA2D550F}.Release|Any CPU.ActiveCfg = Release|Any CPU
		{F7FEFC21-69B8-4141-B6C4-3912AA2D550F}.Release|Any CPU.Build.0 = Release|Any CPU
	EndGlobalSection
	GlobalSection(SolutionProperties) = preSolution
		HideSolutionNode = FALSE
	EndGlobalSection
	GlobalSection(ExtensibilityGlobals) = postSolution
		SolutionGuid = {7F795522-ED4F-4584-9149-EC9EE56CE247}
	EndGlobalSection
EndGlobal
